// !$*UTF8*$!
{
	archiveVersion = 1;
	classes = {
	};
	objectVersion = 46;
	objects = {

/* Begin PBXBuildFile section */
		E4058C7B1E55ACC600592F58 /* main.m in Sources */ = {isa = PBXBuildFile; fileRef = E4058C7A1E55ACC600592F58 /* main.m */; };
		E4058C7E1E55ACC600592F58 /* AppDelegate.m in Sources */ = {isa = PBXBuildFile; fileRef = E4058C7D1E55ACC600592F58 /* AppDelegate.m */; };
		E4058C811E55ACC600592F58 /* ViewController.m in Sources */ = {isa = PBXBuildFile; fileRef = E4058C801E55ACC600592F58 /* ViewController.m */; };
		E4058C841E55ACC600592F58 /* Main.storyboard in Resources */ = {isa = PBXBuildFile; fileRef = E4058C821E55ACC600592F58 /* Main.storyboard */; };
		E4058C861E55ACC600592F58 /* Assets.xcassets in Resources */ = {isa = PBXBuildFile; fileRef = E4058C851E55ACC600592F58 /* Assets.xcassets */; };
		E4058C891E55ACC700592F58 /* LaunchScreen.storyboard in Resources */ = {isa = PBXBuildFile; fileRef = E4058C871E55ACC700592F58 /* LaunchScreen.storyboard */; };
		E4058C941E55ACC700592F58 /* _________Tests.m in Sources */ = {isa = PBXBuildFile; fileRef = E4058C931E55ACC700592F58 /* _________Tests.m */; };
		E4058C9F1E55ACC700592F58 /* _________UITests.m in Sources */ = {isa = PBXBuildFile; fileRef = E4058C9E1E55ACC700592F58 /* _________UITests.m */; };
		E4058CAE1E55ACED00592F58 /* UIButton+XT.m in Sources */ = {isa = PBXBuildFile; fileRef = E4058CAD1E55ACED00592F58 /* UIButton+XT.m */; };
/* End PBXBuildFile section */

/* Begin PBXContainerItemProxy section */
		E4058C901E55ACC700592F58 /* PBXContainerItemProxy */ = {
			isa = PBXContainerItemProxy;
			containerPortal = E4058C6E1E55ACC600592F58 /* Project object */;
			proxyType = 1;
			remoteGlobalIDString = E4058C751E55ACC600592F58;
			remoteInfo = "防止按钮被重复点击";
		};
		E4058C9B1E55ACC700592F58 /* PBXContainerItemProxy */ = {
			isa = PBXContainerItemProxy;
			containerPortal = E4058C6E1E55ACC600592F58 /* Project object */;
			proxyType = 1;
			remoteGlobalIDString = E4058C751E55ACC600592F58;
			remoteInfo = "防止按钮被重复点击";
		};
/* End PBXContainerItemProxy section */

/* Begin PBXFileReference section */
		E4058C761E55ACC600592F58 /* 防止按钮被重复点击.app */ = {isa = PBXFileReference; explicitFileType = wrapper.application; includeInIndex = 0; path = "防止按钮被重复点击.app"; sourceTree = BUILT_PRODUCTS_DIR; };
		E4058C7A1E55ACC600592F58 /* main.m */ = {isa = PBXFileReference; lastKnownFileType = sourcecode.c.objc; path = main.m; sourceTree = "<group>"; };
		E4058C7C1E55ACC600592F58 /* AppDelegate.h */ = {isa = PBXFileReference; lastKnownFileType = sourcecode.c.h; path = AppDelegate.h; sourceTree = "<group>"; };
		E4058C7D1E55ACC600592F58 /* AppDelegate.m */ = {isa = PBXFileReference; lastKnownFileType = sourcecode.c.objc; path = AppDelegate.m; sourceTree = "<group>"; };
		E4058C7F1E55ACC600592F58 /* ViewController.h */ = {isa = PBXFileReference; lastKnownFileType = sourcecode.c.h; path = ViewController.h; sourceTree = "<group>"; };
		E4058C801E55ACC600592F58 /* ViewController.m */ = {isa = PBXFileReference; lastKnownFileType = sourcecode.c.objc; path = ViewController.m; sourceTree = "<group>"; };
		E4058C831E55ACC600592F58 /* Base */ = {isa = PBXFileReference; lastKnownFileType = file.storyboard; name = Base; path = Base.lproj/Main.storyboard; sourceTree = "<group>"; };
		E4058C851E55ACC600592F58 /* Assets.xcassets */ = {isa = PBXFileReference; lastKnownFileType = folder.assetcatalog; path = Assets.xcassets; sourceTree = "<group>"; };
		E4058C881E55ACC700592F58 /* Base */ = {isa = PBXFileReference; lastKnownFileType = file.storyboard; name = Base; path = Base.lproj/LaunchScreen.storyboard; sourceTree = "<group>"; };
		E4058C8A1E55ACC700592F58 /* Info.plist */ = {isa = PBXFileReference; lastKnownFileType = text.plist.xml; path = Info.plist; sourceTree = "<group>"; };
		E4058C8F1E55ACC700592F58 /* 防止按钮被重复点击Tests.xctest */ = {isa = PBXFileReference; explicitFileType = wrapper.cfbundle; includeInIndex = 0; path = "防止按钮被重复点击Tests.xctest"; sourceTree = BUILT_PRODUCTS_DIR; };
		E4058C931E55ACC700592F58 /* _________Tests.m */ = {isa = PBXFileReference; lastKnownFileType = sourcecode.c.objc; path = "_________Tests.m"; sourceTree = "<group>"; };
		E4058C951E55ACC700592F58 /* Info.plist */ = {isa = PBXFileReference; lastKnownFileType = text.plist.xml; path = Info.plist; sourceTree = "<group>"; };
		E4058C9A1E55ACC700592F58 /* 防止按钮被重复点击UITests.xctest */ = {isa = PBXFileReference; explicitFileType = wrapper.cfbundle; includeInIndex = 0; path = "防止按钮被重复点击UITests.xctest"; sourceTree = BUILT_PRODUCTS_DIR; };
		E4058C9E1E55ACC700592F58 /* _________UITests.m */ = {isa = PBXFileReference; lastKnownFileType = sourcecode.c.objc; path = "_________UITests.m"; sourceTree = "<group>"; };
		E4058CA01E55ACC700592F58 /* Info.plist */ = {isa = PBXFileReference; lastKnownFileType = text.plist.xml; path = Info.plist; sourceTree = "<group>"; };
		E4058CAC1E55ACED00592F58 /* UIButton+XT.h */ = {isa = PBXFileReference; fileEncoding = 4; lastKnownFileType = sourcecode.c.h; path = "UIButton+XT.h"; sourceTree = "<group>"; };
		E4058CAD1E55ACED00592F58 /* UIButton+XT.m */ = {isa = PBXFileReference; fileEncoding = 4; lastKnownFileType = sourcecode.c.objc; path = "UIButton+XT.m"; sourceTree = "<group>"; };
/* End PBXFileReference section */

/* Begin PBXFrameworksBuildPhase section */
		E4058C731E55ACC600592F58 /* Frameworks */ = {
			isa = PBXFrameworksBuildPhase;
			buildActionMask = 2147483647;
			files = (
			);
			runOnlyForDeploymentPostprocessing = 0;
		};
		E4058C8C1E55ACC700592F58 /* Frameworks */ = {
			isa = PBXFrameworksBuildPhase;
			buildActionMask = 2147483647;
			files = (
			);
			runOnlyForDeploymentPostprocessing = 0;
		};
		E4058C971E55ACC700592F58 /* Frameworks */ = {
			isa = PBXFrameworksBuildPhase;
			buildActionMask = 2147483647;
			files = (
			);
			runOnlyForDeploymentPostprocessing = 0;
		};
/* End PBXFrameworksBuildPhase section */

/* Begin PBXGroup section */
		E4058C6D1E55ACC600592F58 = {
			isa = PBXGroup;
			children = (
				E4058C781E55ACC600592F58 /* 防止按钮被重复点击 */,
				E4058C921E55ACC700592F58 /* 防止按钮被重复点击Tests */,
				E4058C9D1E55ACC700592F58 /* 防止按钮被重复点击UITests */,
				E4058C771E55ACC600592F58 /* Products */,
			);
			sourceTree = "<group>";
		};
		E4058C771E55ACC600592F58 /* Products */ = {
			isa = PBXGroup;
			children = (
				E4058C761E55ACC600592F58 /* 防止按钮被重复点击.app */,
				E4058C8F1E55ACC700592F58 /* 防止按钮被重复点击Tests.xctest */,
				E4058C9A1E55ACC700592F58 /* 防止按钮被重复点击UITests.xctest */,
			);
			name = Products;
			sourceTree = "<group>";
		};
		E4058C781E55ACC600592F58 /* 防止按钮被重复点击 */ = {
			isa = PBXGroup;
			children = (
				E4058C7C1E55ACC600592F58 /* AppDelegate.h */,
				E4058C7D1E55ACC600592F58 /* AppDelegate.m */,
				E4058C7F1E55ACC600592F58 /* ViewController.h */,
				E4058C801E55ACC600592F58 /* ViewController.m */,
				E4058CAC1E55ACED00592F58 /* UIButton+XT.h */,
				E4058CAD1E55ACED00592F58 /* UIButton+XT.m */,
				E4058C821E55ACC600592F58 /* Main.storyboard */,
				E4058C851E55ACC600592F58 /* Assets.xcassets */,
				E4058C871E55ACC700592F58 /* LaunchScreen.storyboard */,
				E4058C8A1E55ACC700592F58 /* Info.plist */,
				E4058C791E55ACC600592F58 /* Supporting Files */,
			);
			path = "防止按钮被重复点击";
			sourceTree = "<group>";
		};
		E4058C791E55ACC600592F58 /* Supporting Files */ = {
			isa = PBXGroup;
			children = (
				E4058C7A1E55ACC600592F58 /* main.m */,
			);
			name = "Supporting Files";
			sourceTree = "<group>";
		};
		E4058C921E55ACC700592F58 /* 防止按钮被重复点击Tests */ = {
			isa = PBXGroup;
			children = (
				E4058C931E55ACC700592F58 /* _________Tests.m */,
				E4058C951E55ACC700592F58 /* Info.plist */,
			);
			path = "防止按钮被重复点击Tests";
			sourceTree = "<group>";
		};
		E4058C9D1E55ACC700592F58 /* 防止按钮被重复点击UITests */ = {
			isa = PBXGroup;
			children = (
				E4058C9E1E55ACC700592F58 /* _________UITests.m */,
				E4058CA01E55ACC700592F58 /* Info.plist */,
			);
			path = "防止按钮被重复点击UITests";
			sourceTree = "<group>";
		};
/* End PBXGroup section */

/* Begin PBXNativeTarget section */
		E4058C751E55ACC600592F58 /* 防止按钮被重复点击 */ = {
			isa = PBXNativeTarget;
			buildConfigurationList = E4058CA31E55ACC700592F58 /* Build configuration list for PBXNativeTarget "防止按钮被重复点击" */;
			buildPhases = (
				E4058C721E55ACC600592F58 /* Sources */,
				E4058C731E55ACC600592F58 /* Frameworks */,
				E4058C741E55ACC600592F58 /* Resources */,
			);
			buildRules = (
			);
			dependencies = (
			);
			name = "防止按钮被重复点击";
			productName = "防止按钮被重复点击";
			productReference = E4058C761E55ACC600592F58 /* 防止按钮被重复点击.app */;
			productType = "com.apple.product-type.application";
		};
		E4058C8E1E55ACC700592F58 /* 防止按钮被重复点击Tests */ = {
			isa = PBXNativeTarget;
			buildConfigurationList = E4058CA61E55ACC700592F58 /* Build configuration list for PBXNativeTarget "防止按钮被重复点击Tests" */;
			buildPhases = (
				E4058C8B1E55ACC700592F58 /* Sources */,
				E4058C8C1E55ACC700592F58 /* Frameworks */,
				E4058C8D1E55ACC700592F58 /* Resources */,
			);
			buildRules = (
			);
			dependencies = (
				E4058C911E55ACC700592F58 /* PBXTargetDependency */,
			);
			name = "防止按钮被重复点击Tests";
			productName = "防止按钮被重复点击Tests";
			productReference = E4058C8F1E55ACC700592F58 /* 防止按钮被重复点击Tests.xctest */;
			productType = "com.apple.product-type.bundle.unit-test";
		};
		E4058C991E55ACC700592F58 /* 防止按钮被重复点击UITests */ = {
			isa = PBXNativeTarget;
			buildConfigurationList = E4058CA91E55ACC700592F58 /* Build configuration list for PBXNativeTarget "防止按钮被重复点击UITests" */;
			buildPhases = (
				E4058C961E55ACC700592F58 /* Sources */,
				E4058C971E55ACC700592F58 /* Frameworks */,
				E4058C981E55ACC700592F58 /* Resources */,
			);
			buildRules = (
			);
			dependencies = (
				E4058C9C1E55ACC700592F58 /* PBXTargetDependency */,
			);
			name = "防止按钮被重复点击UITests";
			productName = "防止按钮被重复点击UITests";
			productReference = E4058C9A1E55ACC700592F58 /* 防止按钮被重复点击UITests.xctest */;
			productType = "com.apple.product-type.bundle.ui-testing";
		};
/* End PBXNativeTarget section */

/* Begin PBXProject section */
		E4058C6E1E55ACC600592F58 /* Project object */ = {
			isa = PBXProject;
			attributes = {
				LastUpgradeCheck = 0820;
				ORGANIZATIONNAME = Gandalf;
				TargetAttributes = {
					E4058C751E55ACC600592F58 = {
						CreatedOnToolsVersion = 8.2.1;
						ProvisioningStyle = Automatic;
					};
					E4058C8E1E55ACC700592F58 = {
						CreatedOnToolsVersion = 8.2.1;
						ProvisioningStyle = Automatic;
						TestTargetID = E4058C751E55ACC600592F58;
					};
					E4058C991E55ACC700592F58 = {
						CreatedOnToolsVersion = 8.2.1;
						ProvisioningStyle = Automatic;
						TestTargetID = E4058C751E55ACC600592F58;
					};
				};
			};
			buildConfigurationList = E4058C711E55ACC600592F58 /* Build configuration list for PBXProject "防止按钮被重复点击" */;
			compatibilityVersion = "Xcode 3.2";
			developmentRegion = English;
			hasScannedForEncodings = 0;
			knownRegions = (
				en,
				Base,
			);
			mainGroup = E4058C6D1E55ACC600592F58;
			productRefGroup = E4058C771E55ACC600592F58 /* Products */;
			projectDirPath = "";
			projectRoot = "";
			targets = (
				E4058C751E55ACC600592F58 /* 防止按钮被重复点击 */,
				E4058C8E1E55ACC700592F58 /* 防止按钮被重复点击Tests */,
				E4058C991E55ACC700592F58 /* 防止按钮被重复点击UITests */,
			);
		};
/* End PBXProject section */

/* Begin PBXResourcesBuildPhase section */
		E4058C741E55ACC600592F58 /* Resources */ = {
			isa = PBXResourcesBuildPhase;
			buildActionMask = 2147483647;
			files = (
				E4058C891E55ACC700592F58 /* LaunchScreen.storyboard in Resources */,
				E4058C861E55ACC600592F58 /* Assets.xcassets in Resources */,
				E4058C841E55ACC600592F58 /* Main.storyboard in Resources */,
			);
			runOnlyForDeploymentPostprocessing = 0;
		};
		E4058C8D1E55ACC700592F58 /* Resources */ = {
			isa = PBXResourcesBuildPhase;
			buildActionMask = 2147483647;
			files = (
			);
			runOnlyForDeploymentPostprocessing = 0;
		};
		E4058C981E55ACC700592F58 /* Resources */ = {
			isa = PBXResourcesBuildPhase;
			buildActionMask = 2147483647;
			files = (
			);
			runOnlyForDeploymentPostprocessing = 0;
		};
/* End PBXResourcesBuildPhase section */

/* Begin PBXSourcesBuildPhase section */
		E4058C721E55ACC600592F58 /* Sources */ = {
			isa = PBXSourcesBuildPhase;
			buildActionMask = 2147483647;
			files = (
				E4058C811E55ACC600592F58 /* ViewController.m in Sources */,
				E4058CAE1E55ACED00592F58 /* UIButton+XT.m in Sources */,
				E4058C7E1E55ACC600592F58 /* AppDelegate.m in Sources */,
				E4058C7B1E55ACC600592F58 /* main.m in Sources */,
			);
			runOnlyForDeploymentPostprocessing = 0;
		};
		E4058C8B1E55ACC700592F58 /* Sources */ = {
			isa = PBXSourcesBuildPhase;
			buildActionMask = 2147483647;
			files = (
				E4058C941E55ACC700592F58 /* _________Tests.m in Sources */,
			);
			runOnlyForDeploymentPostprocessing = 0;
		};
		E4058C961E55ACC700592F58 /* Sources */ = {
			isa = PBXSourcesBuildPhase;
			buildActionMask = 2147483647;
			files = (
				E4058C9F1E55ACC700592F58 /* _________UITests.m in Sources */,
			);
			runOnlyForDeploymentPostprocessing = 0;
		};
/* End PBXSourcesBuildPhase section */

/* Begin PBXTargetDependency section */
		E4058C911E55ACC700592F58 /* PBXTargetDependency */ = {
			isa = PBXTargetDependency;
			target = E4058C751E55ACC600592F58 /* 防止按钮被重复点击 */;
			targetProxy = E4058C901E55ACC700592F58 /* PBXContainerItemProxy */;
		};
		E4058C9C1E55ACC700592F58 /* PBXTargetDependency */ = {
			isa = PBXTargetDependency;
			target = E4058C751E55ACC600592F58 /* 防止按钮被重复点击 */;
			targetProxy = E4058C9B1E55ACC700592F58 /* PBXContainerItemProxy */;
		};
/* End PBXTargetDependency section */

/* Begin PBXVariantGroup section */
		E4058C821E55ACC600592F58 /* Main.storyboard */ = {
			isa = PBXVariantGroup;
			children = (
				E4058C831E55ACC600592F58 /* Base */,
			);
			name = Main.storyboard;
			sourceTree = "<group>";
		};
		E4058C871E55ACC700592F58 /* LaunchScreen.storyboard */ = {
			isa = PBXVariantGroup;
			children = (
				E4058C881E55ACC700592F58 /* Base */,
			);
			name = LaunchScreen.storyboard;
			sourceTree = "<group>";
		};
/* End PBXVariantGroup section */

/* Begin XCBuildConfiguration section */
		E4058CA11E55ACC700592F58 /* Debug */ = {
			isa = XCBuildConfiguration;
			buildSettings = {
				ALWAYS_SEARCH_USER_PATHS = NO;
				CLANG_ANALYZER_NONNULL = YES;
				CLANG_CXX_LANGUAGE_STANDARD = "gnu++0x";
				CLANG_CXX_LIBRARY = "libc++";
				CLANG_ENABLE_MODULES = YES;
				CLANG_ENABLE_OBJC_ARC = YES;
				CLANG_WARN_BOOL_CONVERSION = YES;
				CLANG_WARN_CONSTANT_CONVERSION = YES;
				CLANG_WARN_DIRECT_OBJC_ISA_USAGE = YES_ERROR;
				CLANG_WARN_DOCUMENTATION_COMMENTS = YES;
				CLANG_WARN_EMPTY_BODY = YES;
				CLANG_WARN_ENUM_CONVERSION = YES;
				CLANG_WARN_INFINITE_RECURSION = YES;
				CLANG_WARN_INT_CONVERSION = YES;
				CLANG_WARN_OBJC_ROOT_CLASS = YES_ERROR;
				CLANG_WARN_SUSPICIOUS_MOVE = YES;
				CLANG_WARN_UNREACHABLE_CODE = YES;
				CLANG_WARN__DUPLICATE_METHOD_MATCH = YES;
				"CODE_SIGN_IDENTITY[sdk=iphoneos*]" = "iPhone Developer";
				COPY_PHASE_STRIP = NO;
				DEBUG_INFORMATION_FORMAT = dwarf;
				ENABLE_STRICT_OBJC_MSGSEND = YES;
				ENABLE_TESTABILITY = YES;
				GCC_C_LANGUAGE_STANDARD = gnu99;
				GCC_DYNAMIC_NO_PIC = NO;
				GCC_NO_COMMON_BLOCKS = YES;
				GCC_OPTIMIZATION_LEVEL = 0;
				GCC_PREPROCESSOR_DEFINITIONS = (
					"DEBUG=1",
					"$(inherited)",
				);
				GCC_WARN_64_TO_32_BIT_CONVERSION = YES;
				GCC_WARN_ABOUT_RETURN_TYPE = YES_ERROR;
				GCC_WARN_UNDECLARED_SELECTOR = YES;
				GCC_WARN_UNINITIALIZED_AUTOS = YES_AGGRESSIVE;
				GCC_WARN_UNUSED_FUNCTION = YES;
				GCC_WARN_UNUSED_VARIABLE = YES;
				IPHONEOS_DEPLOYMENT_TARGET = 10.2;
				MTL_ENABLE_DEBUG_INFO = YES;
				ONLY_ACTIVE_ARCH = YES;
				SDKROOT = iphoneos;
				TARGETED_DEVICE_FAMILY = "1,2";
			};
			name = Debug;
		};
		E4058CA21E55ACC700592F58 /* Release */ = {
			isa = XCBuildConfiguration;
			buildSettings = {
				ALWAYS_SEARCH_USER_PATHS = NO;
				CLANG_ANALYZER_NONNULL = YES;
				CLANG_CXX_LANGUAGE_STANDARD = "gnu++0x";
				CLANG_CXX_LIBRARY = "libc++";
				CLANG_ENABLE_MODULES = YES;
				CLANG_ENABLE_OBJC_ARC = YES;
				CLANG_WARN_BOOL_CONVERSION = YES;
				CLANG_WARN_CONSTANT_CONVERSION = YES;
				CLANG_WARN_DIRECT_OBJC_ISA_USAGE = YES_ERROR;
				CLANG_WARN_DOCUMENTATION_COMMENTS = YES;
				CLANG_WARN_EMPTY_BODY = YES;
				CLANG_WARN_ENUM_CONVERSION = YES;
				CLANG_WARN_INFINITE_RECURSION = YES;
				CLANG_WARN_INT_CONVERSION = YES;
				CLANG_WARN_OBJC_ROOT_CLASS = YES_ERROR;
				CLANG_WARN_SUSPICIOUS_MOVE = YES;
				CLANG_WARN_UNREACHABLE_CODE = YES;
				CLANG_WARN__DUPLICATE_METHOD_MATCH = YES;
				"CODE_SIGN_IDENTITY[sdk=iphoneos*]" = "iPhone Developer";
				COPY_PHASE_STRIP = NO;
				DEBUG_INFORMATION_FORMAT = "dwarf-with-dsym";
				ENABLE_NS_ASSERTIONS = NO;
				ENABLE_STRICT_OBJC_MSGSEND = YES;
				GCC_C_LANGUAGE_STANDARD = gnu99;
				GCC_NO_COMMON_BLOCKS = YES;
				GCC_WARN_64_TO_32_BIT_CONVERSION = YES;
				GCC_WARN_ABOUT_RETURN_TYPE = YES_ERROR;
				GCC_WARN_UNDECLARED_SELECTOR = YES;
				GCC_WARN_UNINITIALIZED_AUTOS = YES_AGGRESSIVE;
				GCC_WARN_UNUSED_FUNCTION = YES;
				GCC_WARN_UNUSED_VARIABLE = YES;
				IPHONEOS_DEPLOYMENT_TARGET = 10.2;
				MTL_ENABLE_DEBUG_INFO = NO;
				SDKROOT = iphoneos;
				TARGETED_DEVICE_FAMILY = "1,2";
				VALIDATE_PRODUCT = YES;
			};
			name = Release;
		};
		E4058CA41E55ACC700592F58 /* Debug */ = {
			isa = XCBuildConfiguration;
			buildSettings = {
				ASSETCATALOG_COMPILER_APPICON_NAME = AppIcon;
				INFOPLIST_FILE = "防止按钮被重复点击/Info.plist";
				LD_RUNPATH_SEARCH_PATHS = "$(inherited) @executable_path/Frameworks";
				PRODUCT_BUNDLE_IDENTIFIER = "com.tritonsfs.---------";
				PRODUCT_NAME = "$(TARGET_NAME)";
			};
			name = Debug;
		};
		E4058CA51E55ACC700592F58 /* Release */ = {
			isa = XCBuildConfiguration;
			buildSettings = {
				ASSETCATALOG_COMPILER_APPICON_NAME = AppIcon;
				INFOPLIST_FILE = "防止按钮被重复点击/Info.plist";
				LD_RUNPATH_SEARCH_PATHS = "$(inherited) @executable_path/Frameworks";
				PRODUCT_BUNDLE_IDENTIFIER = "com.tritonsfs.---------";
				PRODUCT_NAME = "$(TARGET_NAME)";
			};
			name = Release;
		};
		E4058CA71E55ACC700592F58 /* Debug */ = {
			isa = XCBuildConfiguration;
			buildSettings = {
				BUNDLE_LOADER = "$(TEST_HOST)";
				INFOPLIST_FILE = "防止按钮被重复点击Tests/Info.plist";
				LD_RUNPATH_SEARCH_PATHS = "$(inherited) @executable_path/Frameworks @loader_path/Frameworks";
				PRODUCT_BUNDLE_IDENTIFIER = "com.tritonsfs.---------Tests";
				PRODUCT_NAME = "$(TARGET_NAME)";
				TEST_HOST = "$(BUILT_PRODUCTS_DIR)/防止按钮被重复点击.app/防止按钮被重复点击";
			};
			name = Debug;
		};
		E4058CA81E55ACC700592F58 /* Release */ = {
			isa = XCBuildConfiguration;
			buildSettings = {
				BUNDLE_LOADER = "$(TEST_HOST)";
				INFOPLIST_FILE = "防止按钮被重复点击Tests/Info.plist";
				LD_RUNPATH_SEARCH_PATHS = "$(inherited) @executable_path/Frameworks @loader_path/Frameworks";
				PRODUCT_BUNDLE_IDENTIFIER = "com.tritonsfs.---------Tests";
				PRODUCT_NAME = "$(TARGET_NAME)";
				TEST_HOST = "$(BUILT_PRODUCTS_DIR)/防止按钮被重复点击.app/防止按钮被重复点击";
			};
			name = Release;
		};
		E4058CAA1E55ACC700592F58 /* Debug */ = {
			isa = XCBuildConfiguration;
			buildSettings = {
				INFOPLIST_FILE = "防止按钮被重复点击UITests/Info.plist";
				LD_RUNPATH_SEARCH_PATHS = "$(inherited) @executable_path/Frameworks @loader_path/Frameworks";
				PRODUCT_BUNDLE_IDENTIFIER = "com.tritonsfs.---------UITests";
				PRODUCT_NAME = "$(TARGET_NAME)";
				TEST_TARGET_NAME = "防止按钮被重复点击";
			};
			name = Debug;
		};
		E4058CAB1E55ACC700592F58 /* Release */ = {
			isa = XCBuildConfiguration;
			buildSettings = {
				INFOPLIST_FILE = "防止按钮被重复点击UITests/Info.plist";
				LD_RUNPATH_SEARCH_PATHS = "$(inherited) @executable_path/Frameworks @loader_path/Frameworks";
				PRODUCT_BUNDLE_IDENTIFIER = "com.tritonsfs.---------UITests";
				PRODUCT_NAME = "$(TARGET_NAME)";
				TEST_TARGET_NAME = "防止按钮被重复点击";
			};
			name = Release;
		};
/* End XCBuildConfiguration section */

/* Begin XCConfigurationList section */
		E4058C711E55ACC600592F58 /* Build configuration list for PBXProject "防止按钮被重复点击" */ = {
			isa = XCConfigurationList;
			buildConfigurations = (
				E4058CA11E55ACC700592F58 /* Debug */,
				E4058CA21E55ACC700592F58 /* Release */,
			);
			defaultConfigurationIsVisible = 0;
			defaultConfigurationName = Release;
		};
		E4058CA31E55ACC700592F58 /* Build configuration list for PBXNativeTarget "防止按钮被重复点击" */ = {
			isa = XCConfigurationList;
			buildConfigurations = (
				E4058CA41E55ACC700592F58 /* Debug */,
				E4058CA51E55ACC700592F58 /* Release */,
			);
			defaultConfigurationIsVisible = 0;
		};
		E4058CA61E55ACC700592F58 /* Build configuration list for PBXNativeTarget "防止按钮被重复点击Tests" */ = {
			isa = XCConfigurationList;
			buildConfigurations = (
				E4058CA71E55ACC700592F58 /* Debug */,
				E4058CA81E55ACC700592F58 /* Release */,
			);
			defaultConfigurationIsVisible = 0;
		};
		E4058CA91E55ACC700592F58 /* Build configuration list for PBXNativeTarget "防止按钮被重复点击UITests" */ = {
			isa = XCConfigurationList;
			buildConfigurations = (
				E4058CAA1E55ACC700592F58 /* Debug */,
				E4058CAB1E55ACC700592F58 /* Release */,
			);
			defaultConfigurationIsVisible = 0;
		};
/* End XCConfigurationList section */
	};
	rootObject = E4058C6E1E55ACC600592F58 /* Project object */;
}
